
Microsoft Visual Studio Solution File, Format Version 12.00
# Visual Studio Version 17
VisualStudioVersion = 17.2.32630.192
MinimumVisualStudioVersion = 10.0.40219.1
Project("{FAE04EC0-301F-11D3-BF4B-00C04F79EFBC}") = "SeyahatUygulaması", "SeyahatUygulaması\SeyahatUygulaması.csproj", "{1D5E3583-952F-482E-9E5C-EA158AE082CF}"
EndProject
Global
	GlobalSection(SolutionConfigurationPlatforms) = preSolution
		Debug|Any CPU = Debug|Any CPU
		Release|Any CPU = Release|Any CPU
	EndGlobalSection
	GlobalSection(ProjectConfigurationPlatforms) = postSolution
		{1D5E3583-952F-482E-9E5C-EA158AE082CF}.Debug|Any CPU.ActiveCfg = Debug|Any CPU
		{1D5E3583-952F-482E-9E5C-EA158AE082CF}.Debug|Any CPU.Build.0 = Debug|Any CPU
		{1D5E3583-952F-482E-9E5C-EA158AE082CF}.Release|Any CPU.ActiveCfg = Release|Any CPU
		{1D5E3583-952F-482E-9E5C-EA158AE082CF}.Release|Any CPU.Build.0 = Release|Any CPU
	EndGlobalSection
	GlobalSection(SolutionProperties) = preSolution
		HideSolutionNode = FALSE
	EndGlobalSection
	GlobalSection(ExtensibilityGlobals) = postSolution
		SolutionGuid = {67C37B29-7547-42B7-81D5-490F7265D0BF}
	EndGlobalSection
EndGlobal
